
Microsoft Visual Studio Solution File, Format Version 12.00
# Visual Studio 15
VisualStudioVersion = 15.0.28307.757
MinimumVisualStudioVersion = 10.0.40219.1
Project("{9A19103F-16F7-4668-BE54-9A1E7A4F7556}") = "ECommerce.API", "ECommerce.API\ECommerce.API.csproj", "{3C5DB2AB-E638-4FA2-B4F4-51CA4B3E8AD7}"
EndProject
Project("{FAE04EC0-301F-11D3-BF4B-00C04F79EFBC}") = "ECommerce.Core", "ECommerce.Core\ECommerce.Core.csproj", "{EC9A21C0-50AA-4C61-8D30-A0F0E43454C7}"
EndProject
Project("{FAE04EC0-301F-11D3-BF4B-00C04F79EFBC}") = "ECommerce.Entities", "ECommerce.Entities\ECommerce.Entities.csproj", "{80300EEC-D7C1-4F4D-8278-DF6BB3C24780}"
EndProject
Project("{FAE04EC0-301F-11D3-BF4B-00C04F79EFBC}") = "ECommerce.DataAccess", "ECommerce.DataAccess\ECommerce.DataAccess.csproj", "{328B6853-D940-4CF8-B12D-04C6025BE494}"
EndProject
Global
	GlobalSection(SolutionConfigurationPlatforms) = preSolution
		Debug|Any CPU = Debug|Any CPU
		Release|Any CPU = Release|Any CPU
	EndGlobalSection
	GlobalSection(ProjectConfigurationPlatforms) = postSolution
		{3C5DB2AB-E638-4FA2-B4F4-51CA4B3E8AD7}.Debug|Any CPU.ActiveCfg = Debug|Any CPU
		{3C5DB2AB-E638-4FA2-B4F4-51CA4B3E8AD7}.Debug|Any CPU.Build.0 = Debug|Any CPU
		{3C5DB2AB-E638-4FA2-B4F4-51CA4B3E8AD7}.Release|Any CPU.ActiveCfg = Release|Any CPU
		{3C5DB2AB-E638-4FA2-B4F4-51CA4B3E8AD7}.Release|Any CPU.Build.0 = Release|Any CPU
		{EC9A21C0-50AA-4C61-8D30-A0F0E43454C7}.Debug|Any CPU.ActiveCfg = Debug|Any CPU
		{EC9A21C0-50AA-4C61-8D30-A0F0E43454C7}.Debug|Any CPU.Build.0 = Debug|Any CPU
		{EC9A21C0-50AA-4C61-8D30-A0F0E43454C7}.Release|Any CPU.ActiveCfg = Release|Any CPU
		{EC9A21C0-50AA-4C61-8D30-A0F0E43454C7}.Release|Any CPU.Build.0 = Release|Any CPU
		{80300EEC-D7C1-4F4D-8278-DF6BB3C24780}.Debug|Any CPU.ActiveCfg = Debug|Any CPU
		{80300EEC-D7C1-4F4D-8278-DF6BB3C24780}.Debug|Any CPU.Build.0 = Debug|Any CPU
		{80300EEC-D7C1-4F4D-8278-DF6BB3C24780}.Release|Any CPU.ActiveCfg = Release|Any CPU
		{80300EEC-D7C1-4F4D-8278-DF6BB3C24780}.Release|Any CPU.Build.0 = Release|Any CPU
		{328B6853-D940-4CF8-B12D-04C6025BE494}.Debug|Any CPU.ActiveCfg = Debug|Any CPU
		{328B6853-D940-4CF8-B12D-04C6025BE494}.Debug|Any CPU.Build.0 = Debug|Any CPU
		{328B6853-D940-4CF8-B12D-04C6025BE494}.Release|Any CPU.ActiveCfg = Release|Any CPU
		{328B6853-D940-4CF8-B12D-04C6025BE494}.Release|Any CPU.Build.0 = Release|Any CPU
	EndGlobalSection
	GlobalSection(SolutionProperties) = preSolution
		HideSolutionNode = FALSE
	EndGlobalSection
	GlobalSection(ExtensibilityGlobals) = postSolution
		SolutionGuid = {1DAEE714-8BF4-48A5-B25D-9E68D86D5CBF}
	EndGlobalSection
EndGlobal
